
Microsoft Visual Studio Solution File, Format Version 12.00
# Visual Studio Version 16
VisualStudioVersion = 16.0.30204.135
MinimumVisualStudioVersion = 10.0.40219.1
Project("{FAE04EC0-301F-11D3-BF4B-00C04F79EFBC}") = "FormFileJson", "FormFileJson\FormFileJson.csproj", "{699AD31F-0FA6-4B93-B552-6A9A43985C42}"
EndProject
Global
	GlobalSection(SolutionConfigurationPlatforms) = preSolution
		Debug|Any CPU = Debug|Any CPU
		Release|Any CPU = Release|Any CPU
	EndGlobalSection
	GlobalSection(ProjectConfigurationPlatforms) = postSolution
		{699AD31F-0FA6-4B93-B552-6A9A43985C42}.Debug|Any CPU.ActiveCfg = Debug|Any CPU
		{699AD31F-0FA6-4B93-B552-6A9A43985C42}.Debug|Any CPU.Build.0 = Debug|Any CPU
		{699AD31F-0FA6-4B93-B552-6A9A43985C42}.Release|Any CPU.ActiveCfg = Release|Any CPU
		{699AD31F-0FA6-4B93-B552-6A9A43985C42}.Release|Any CPU.Build.0 = Release|Any CPU
	EndGlobalSection
	GlobalSection(SolutionProperties) = preSolution
		HideSolutionNode = FALSE
	EndGlobalSection
	GlobalSection(ExtensibilityGlobals) = postSolution
		SolutionGuid = {E638392E-9EA9-44A1-91E7-DDAA9586C751}
	EndGlobalSection
EndGlobal
